<?xml version="1.0" encoding="UTF-8" standalone="yes" ?>
<CodeBlocks_project_file>
	<FileVersion major="1" minor="6" />
	<Project>
		<Option title="mirb" />
		<Option pch_mode="2" />
		<Option compiler="gcc" />
		<Build>
			<Target title="Debug">
				<Option output="bin\Debug\mirb" prefix_auto="1" extension_auto="1" />
				<Option object_output="obj\Debug\" />
				<Option type="1" />
				<Option compiler="gcc" />
				<Compiler>
					<Add option="-g" />
					<Add option="-DDEBUG" />
				</Compiler>
			</Target>
			<Target title="Release">
				<Option output="bin\Release\mirb" prefix_auto="1" extension_auto="1" />
				<Option object_output="obj\Release\" />
				<Option type="1" />
				<Option compiler="gcc" />
				<Compiler>
					<Add option="-fexpensive-optimizations" />
					<Add option="-O3" />
					<Add option="-funroll-loops -fomit-frame-pointer" />
				</Compiler>
				<Linker>
					<Add option="-s" />
					<Add option="build/release/runtime/x86.asm.o" />
				</Linker>
			</Target>
		</Build>
		<Compiler>
			<Add option="-Wall" />
			<Add option="-std=gnu99 -fstrict-aliasing" />
			<Add option="-DWIN_SEH" />
			<Add directory="vendor" />
		</Compiler>
		<Linker>
			<Add library="BeaEngine" />
			<Add library="gc" />
			<Add directory="vendor\BeaEngine" />
			<Add directory="vendor\gc\.libs" />
		</Linker>
		<Unit filename="compiler\allocator.c">
			<Option compilerVar="CC" />
		</Unit>
		<Unit filename="compiler\allocator.h" />
		<Unit filename="compiler\ast.c">
			<Option compilerVar="CC" />
		</Unit>
		<Unit filename="compiler\ast.h" />
		<Unit filename="compiler\block.c">
			<Option compilerVar="CC" />
		</Unit>
		<Unit filename="compiler\block.h" />
		<Unit filename="compiler\bytecode.c">
			<Option compilerVar="CC" />
		</Unit>
		<Unit filename="compiler\bytecode.h" />
		<Unit filename="compiler\compiler.c">
			<Option compilerVar="CC" />
		</Unit>
		<Unit filename="compiler\compiler.h" />
		<Unit filename="compiler\generator\disassembly.c">
			<Option compilerVar="CC" />
		</Unit>
		<Unit filename="compiler\generator\disassembly.h" />
		<Unit filename="compiler\generator\generator.c">
			<Option compilerVar="CC" />
		</Unit>
		<Unit filename="compiler\generator\generator.h" />
		<Unit filename="compiler\generator\x86.c">
			<Option compilerVar="CC" />
		</Unit>
		<Unit filename="compiler\generator\x86.h" />
		<Unit filename="compiler\lexer.c">
			<Option compilerVar="CC" />
		</Unit>
		<Unit filename="compiler\lexer.h" />
		<Unit filename="compiler\parser\calls.c">
			<Option compilerVar="CC" />
		</Unit>
		<Unit filename="compiler\parser\calls.h" />
		<Unit filename="compiler\parser\control_flow.c">
			<Option compilerVar="CC" />
		</Unit>
		<Unit filename="compiler\parser\control_flow.h" />
		<Unit filename="compiler\parser\parser.c">
			<Option compilerVar="CC" />
		</Unit>
		<Unit filename="compiler\parser\parser.h" />
		<Unit filename="compiler\parser\structures.c">
			<Option compilerVar="CC" />
		</Unit>
		<Unit filename="compiler\parser\structures.h" />
		<Unit filename="globals.h" />
		<Unit filename="hash.h" />
		<Unit filename="main.c">
			<Option compilerVar="CC" />
		</Unit>
		<Unit filename="runtime\classes.c">
			<Option compilerVar="CC" />
		</Unit>
		<Unit filename="runtime\classes.h" />
		<Unit filename="runtime\classes\array.c">
			<Option compilerVar="CC" />
		</Unit>
		<Unit filename="runtime\classes\array.h" />
		<Unit filename="runtime\classes\bool.c">
			<Option compilerVar="CC" />
		</Unit>
		<Unit filename="runtime\classes\bool.h" />
		<Unit filename="runtime\classes\class.c">
			<Option compilerVar="CC" />
		</Unit>
		<Unit filename="runtime\classes\class.h" />
		<Unit filename="runtime\classes\exception.c">
			<Option compilerVar="CC" />
		</Unit>
		<Unit filename="runtime\classes\exception.h" />
		<Unit filename="runtime\classes\fixnum.c">
			<Option compilerVar="CC" />
		</Unit>
		<Unit filename="runtime\classes\fixnum.h" />
		<Unit filename="runtime\classes\module.c">
			<Option compilerVar="CC" />
		</Unit>
		<Unit filename="runtime\classes\module.h" />
		<Unit filename="runtime\classes\object.c">
			<Option compilerVar="CC" />
		</Unit>
		<Unit filename="runtime\classes\object.h" />
		<Unit filename="runtime\classes\proc.c">
			<Option compilerVar="CC" />
		</Unit>
		<Unit filename="runtime\classes\proc.h" />
		<Unit filename="runtime\classes\string.c">
			<Option compilerVar="CC" />
		</Unit>
		<Unit filename="runtime\classes\string.h" />
		<Unit filename="runtime\classes\symbol.c">
			<Option compilerVar="CC" />
		</Unit>
		<Unit filename="runtime\classes\symbol.h" />
		<Unit filename="runtime\code_heap.c">
			<Option compilerVar="CC" />
		</Unit>
		<Unit filename="runtime\code_heap.h" />
		<Unit filename="runtime\constant.c">
			<Option compilerVar="CC" />
		</Unit>
		<Unit filename="runtime\constant.h" />
		<Unit filename="runtime\exceptions.c">
			<Option compilerVar="CC" />
		</Unit>
		<Unit filename="runtime\exceptions.h" />
		<Unit filename="runtime\gc.h" />
		<Unit filename="runtime\modules\kernel.c">
			<Option compilerVar="CC" />
		</Unit>
		<Unit filename="runtime\modules\kernel.h" />
		<Unit filename="runtime\runtime.c">
			<Option compilerVar="CC" />
		</Unit>
		<Unit filename="runtime\runtime.h" />
		<Unit filename="runtime\support.c">
			<Option compilerVar="CC" />
		</Unit>
		<Unit filename="runtime\support.h" />
		<Unit filename="runtime\x86.c">
			<Option compilerVar="CC" />
		</Unit>
		<Unit filename="runtime\x86.h" />
		<Unit filename="vector.h" />
		<Extensions>
			<code_completion />
			<debugger />
		</Extensions>
	</Project>
</CodeBlocks_project_file>
