<?xml version="1.0" encoding="UTF-8" standalone="yes" ?>
<CodeBlocks_project_file>
	<FileVersion major="1" minor="6" />
	<Project>
		<Option title="mirb" />
		<Option pch_mode="2" />
		<Option compiler="gcc" />
		<Build>
			<Target title="Debug">
				<Option output="mirb" prefix_auto="1" extension_auto="1" />
				<Option object_output="obj\Debug\" />
				<Option type="1" />
				<Option compiler="gcc" />
				<Compiler>
					<Add option="-g" />
					<Add option="-DDEBUG" />
				</Compiler>
			</Target>
			<Target title="Release">
				<Option output="mirb" prefix_auto="1" extension_auto="1" />
				<Option object_output="obj\Release\" />
				<Option type="1" />
				<Option compiler="gcc" />
				<Compiler>
					<Add option="-fexpensive-optimizations" />
					<Add option="-O3" />
				</Compiler>
				<Linker>
					<Add option="-s" />
					<Add option="build/runtime/x86.S.o" />
				</Linker>
			</Target>
		</Build>
		<Compiler>
			<Add option="-std=c++0x" />
			<Add option="-Wall" />
			<Add option="-fstrict-aliasing" />
			<Add option="-DWIN_SEH" />
			<Add directory="vendor" />
			<Add directory="vendor\udis86" />
		</Compiler>
		<Linker>
			<Add library="gc" />
			<Add library="udis86" />
			<Add directory="vendor\gc\.libs" />
			<Add directory="vendor\udis86\libudis86\.libs" />
		</Linker>
		<Unit filename="compiler\allocator.cpp" />
		<Unit filename="compiler\allocator.hpp" />
		<Unit filename="compiler\block.cpp" />
		<Unit filename="compiler\block.hpp" />
		<Unit filename="compiler\bytecode.cpp" />
		<Unit filename="compiler\bytecode.hpp" />
		<Unit filename="compiler\compiler.cpp" />
		<Unit filename="compiler\compiler.hpp" />
		<Unit filename="compiler\generator\disassembly.cpp" />
		<Unit filename="compiler\generator\disassembly.hpp" />
		<Unit filename="compiler\generator\x86.cpp" />
		<Unit filename="compiler\generator\x86.hpp" />
		<Unit filename="globals.hpp" />
		<Unit filename="hash.hpp" />
		<Unit filename="main.cpp" />
		<Unit filename="runtime\classes.cpp" />
		<Unit filename="runtime\classes.hpp" />
		<Unit filename="runtime\classes\array.cpp" />
		<Unit filename="runtime\classes\array.hpp" />
		<Unit filename="runtime\classes\bool.cpp" />
		<Unit filename="runtime\classes\bool.hpp" />
		<Unit filename="runtime\classes\class.cpp" />
		<Unit filename="runtime\classes\class.hpp" />
		<Unit filename="runtime\classes\exception.cpp" />
		<Unit filename="runtime\classes\exception.hpp" />
		<Unit filename="runtime\classes\fixnum.cpp" />
		<Unit filename="runtime\classes\fixnum.hpp" />
		<Unit filename="runtime\classes\module.cpp" />
		<Unit filename="runtime\classes\module.hpp" />
		<Unit filename="runtime\classes\object.cpp" />
		<Unit filename="runtime\classes\object.hpp" />
		<Unit filename="runtime\classes\proc.cpp" />
		<Unit filename="runtime\classes\proc.hpp" />
		<Unit filename="runtime\classes\string.cpp" />
		<Unit filename="runtime\classes\string.hpp" />
		<Unit filename="runtime\classes\symbol.cpp" />
		<Unit filename="runtime\classes\symbol.hpp" />
		<Unit filename="runtime\code_heap.cpp" />
		<Unit filename="runtime\code_heap.hpp" />
		<Unit filename="runtime\constant.cpp" />
		<Unit filename="runtime\constant.hpp" />
		<Unit filename="runtime\exceptions.cpp" />
		<Unit filename="runtime\exceptions.hpp" />
		<Unit filename="runtime\gc.hpp" />
		<Unit filename="runtime\modules\kernel.cpp" />
		<Unit filename="runtime\modules\kernel.hpp" />
		<Unit filename="runtime\runtime.cpp" />
		<Unit filename="runtime\runtime.hpp" />
		<Unit filename="runtime\support.cpp" />
		<Unit filename="runtime\support.hpp" />
		<Unit filename="runtime\x86.S">
			<Option compiler="gcc" use="1" buildCommand="as $file -o $object" />
			<Option target="Release" />
		</Unit>
		<Unit filename="runtime\x86.cpp" />
		<Unit filename="runtime\x86.hpp" />
		<Unit filename="src\bytecode\generator.cpp" />
		<Unit filename="src\bytecode\generator.hpp" />
		<Unit filename="src\common.hpp" />
		<Unit filename="src\compiler.cpp" />
		<Unit filename="src\compiler.hpp" />
		<Unit filename="src\hash-table.hpp" />
		<Unit filename="src\lexer\handlers.cpp" />
		<Unit filename="src\lexer\input.hpp" />
		<Unit filename="src\lexer\lexeme.cpp" />
		<Unit filename="src\lexer\lexeme.hpp" />
		<Unit filename="src\lexer\lexer.cpp" />
		<Unit filename="src\lexer\lexer.hpp" />
		<Unit filename="src\lexer\numbers.cpp" />
		<Unit filename="src\lexer\strings.cpp" />
		<Unit filename="src\list.hpp" />
		<Unit filename="src\memory-pool.cpp" />
		<Unit filename="src\memory-pool.hpp" />
		<Unit filename="src\message.cpp" />
		<Unit filename="src\message.hpp" />
		<Unit filename="src\parser\calls.cpp" />
		<Unit filename="src\parser\control-flow.cpp" />
		<Unit filename="src\parser\parser.cpp" />
		<Unit filename="src\parser\parser.hpp" />
		<Unit filename="src\parser\structures.cpp" />
		<Unit filename="src\range.hpp" />
		<Unit filename="src\simple-list.hpp" />
		<Unit filename="src\symbol-pool.cpp" />
		<Unit filename="src\symbol-pool.hpp" />
		<Unit filename="src\tree\node.cpp" />
		<Unit filename="src\tree\node.hpp" />
		<Unit filename="src\tree\nodes.cpp" />
		<Unit filename="src\tree\nodes.hpp" />
		<Unit filename="src\tree\printer.cpp">
			<Option target="Debug" />
		</Unit>
		<Unit filename="src\tree\printer.hpp">
			<Option target="Debug" />
		</Unit>
		<Unit filename="vector.hpp" />
		<Extensions>
			<code_completion />
			<debugger />
		</Extensions>
	</Project>
</CodeBlocks_project_file>
